
Microsoft Visual Studio Solution File, Format Version 12.00
# Visual Studio Version 17
VisualStudioVersion = 17.8.34525.116
MinimumVisualStudioVersion = 10.0.40219.1
Project("{FAE04EC0-301F-11D3-BF4B-00C04F79EFBC}") = "QuartzTestApp", "QuartzTestApp\QuartzTestApp.csproj", "{736328F1-63C9-49DF-B963-A8BDAD802BB1}"
EndProject
Global
	GlobalSection(SolutionConfigurationPlatforms) = preSolution
		Debug|Any CPU = Debug|Any CPU
		Release|Any CPU = Release|Any CPU
	EndGlobalSection
	GlobalSection(ProjectConfigurationPlatforms) = postSolution
		{736328F1-63C9-49DF-B963-A8BDAD802BB1}.Debug|Any CPU.ActiveCfg = Debug|Any CPU
		{736328F1-63C9-49DF-B963-A8BDAD802BB1}.Debug|Any CPU.Build.0 = Debug|Any CPU
		{736328F1-63C9-49DF-B963-A8BDAD802BB1}.Release|Any CPU.ActiveCfg = Release|Any CPU
		{736328F1-63C9-49DF-B963-A8BDAD802BB1}.Release|Any CPU.Build.0 = Release|Any CPU
	EndGlobalSection
	GlobalSection(SolutionProperties) = preSolution
		HideSolutionNode = FALSE
	EndGlobalSection
	GlobalSection(ExtensibilityGlobals) = postSolution
		SolutionGuid = {6F4DF4E1-3230-4256-9667-8F32563CEC40}
	EndGlobalSection
EndGlobal
